
Microsoft Visual Studio Solution File, Format Version 12.00
# Visual Studio Version 16
VisualStudioVersion = 16.0.31515.178
MinimumVisualStudioVersion = 10.0.40219.1
Project("{FAE04EC0-301F-11D3-BF4B-00C04F79EFBC}") = "Proje", "Proje\Proje.csproj", "{C1098EA7-A13C-40AD-9BDD-3CE81335CDA3}"
EndProject
Global
	GlobalSection(SolutionConfigurationPlatforms) = preSolution
		Debug|Any CPU = Debug|Any CPU
		Release|Any CPU = Release|Any CPU
	EndGlobalSection
	GlobalSection(ProjectConfigurationPlatforms) = postSolution
		{C1098EA7-A13C-40AD-9BDD-3CE81335CDA3}.Debug|Any CPU.ActiveCfg = Debug|Any CPU
		{C1098EA7-A13C-40AD-9BDD-3CE81335CDA3}.Debug|Any CPU.Build.0 = Debug|Any CPU
		{C1098EA7-A13C-40AD-9BDD-3CE81335CDA3}.Release|Any CPU.ActiveCfg = Release|Any CPU
		{C1098EA7-A13C-40AD-9BDD-3CE81335CDA3}.Release|Any CPU.Build.0 = Release|Any CPU
	EndGlobalSection
	GlobalSection(SolutionProperties) = preSolution
		HideSolutionNode = FALSE
	EndGlobalSection
	GlobalSection(ExtensibilityGlobals) = postSolution
		SolutionGuid = {B01E9A6A-25FE-47DA-A916-6F7BAF116A1D}
	EndGlobalSection
EndGlobal
